
Microsoft Visual Studio Solution File, Format Version 12.00
# Visual Studio Version 17
VisualStudioVersion = 17.11.35327.3
MinimumVisualStudioVersion = 10.0.40219.1
Project("{9A19103F-16F7-4668-BE54-9A1E7A4F7556}") = "CookingFrog.Domain", "src\CookingFrog.Domain\CookingFrog.Domain.csproj", "{E934CD44-9CC5-4F59-963C-FCA07898FA2C}"
EndProject
Project("{FAE04EC0-301F-11D3-BF4B-00C04F79EFBC}") = "CookingFrog.WebUI", "src\CookingFrog.WebUI\CookingFrog.WebUI\CookingFrog.WebUI.csproj", "{09846FF1-261A-4AB9-9261-45773AD27E5F}"
EndProject
Project("{FAE04EC0-301F-11D3-BF4B-00C04F79EFBC}") = "CookingFrog.WebUI.Client", "src\CookingFrog.WebUI\CookingFrog.WebUI.Client\CookingFrog.WebUI.Client.csproj", "{8926D9FC-F2B2-48C5-A772-5E3D1665B0A8}"
EndProject
Project("{FAE04EC0-301F-11D3-BF4B-00C04F79EFBC}") = "CookingFrog.Infra", "src\CookingFrog.Infra\CookingFrog.Infra.csproj", "{20887339-0C76-49AF-A851-38DD72B64FC2}"
EndProject
Project("{FAE04EC0-301F-11D3-BF4B-00C04F79EFBC}") = "CookingFrog.Domain.Tests", "test\CookingFrog.Domain.Tests\CookingFrog.Domain.Tests.csproj", "{FB699CE9-A8BF-43E6-9FA5-F690B51269AA}"
EndProject
Project("{2150E333-8FDC-42A3-9474-1A3956D46DE8}") = "src", "src", "{AD5A623C-D1AF-473F-81B8-C00B846B60B8}"
EndProject
Project("{2150E333-8FDC-42A3-9474-1A3956D46DE8}") = "test", "test", "{3B1A5617-69F3-44D0-929C-718C1C8C2E6D}"
EndProject
Project("{2150E333-8FDC-42A3-9474-1A3956D46DE8}") = "doc", "doc", "{0C8DDE00-C441-43CA-A5C0-D0C108422288}"
	ProjectSection(SolutionItems) = preProject
		README.md = README.md
	EndProjectSection
EndProject
Project("{FAE04EC0-301F-11D3-BF4B-00C04F79EFBC}") = "CookingFrog.MinimalApi", "src\CookingFrog.MinimalApi\CookingFrog.MinimalApi.csproj", "{7895D22C-D725-4C41-8B73-83ED738D4857}"
EndProject
Project("{FAE04EC0-301F-11D3-BF4B-00C04F79EFBC}") = "CookingFrog.Application.Models", "CookingFrog.Application.Models\CookingFrog.Application.Models.csproj", "{2768EF06-0DB0-40D6-B5FE-172DDAA39C20}"
EndProject
Global
	GlobalSection(SolutionConfigurationPlatforms) = preSolution
		Debug|Any CPU = Debug|Any CPU
		Release|Any CPU = Release|Any CPU
	EndGlobalSection
	GlobalSection(ProjectConfigurationPlatforms) = postSolution
		{E934CD44-9CC5-4F59-963C-FCA07898FA2C}.Debug|Any CPU.ActiveCfg = Debug|Any CPU
		{E934CD44-9CC5-4F59-963C-FCA07898FA2C}.Debug|Any CPU.Build.0 = Debug|Any CPU
		{E934CD44-9CC5-4F59-963C-FCA07898FA2C}.Release|Any CPU.ActiveCfg = Release|Any CPU
		{E934CD44-9CC5-4F59-963C-FCA07898FA2C}.Release|Any CPU.Build.0 = Release|Any CPU
		{09846FF1-261A-4AB9-9261-45773AD27E5F}.Debug|Any CPU.ActiveCfg = Debug|Any CPU
		{09846FF1-261A-4AB9-9261-45773AD27E5F}.Debug|Any CPU.Build.0 = Debug|Any CPU
		{09846FF1-261A-4AB9-9261-45773AD27E5F}.Release|Any CPU.ActiveCfg = Release|Any CPU
		{09846FF1-261A-4AB9-9261-45773AD27E5F}.Release|Any CPU.Build.0 = Release|Any CPU
		{8926D9FC-F2B2-48C5-A772-5E3D1665B0A8}.Debug|Any CPU.ActiveCfg = Debug|Any CPU
		{8926D9FC-F2B2-48C5-A772-5E3D1665B0A8}.Debug|Any CPU.Build.0 = Debug|Any CPU
		{8926D9FC-F2B2-48C5-A772-5E3D1665B0A8}.Release|Any CPU.ActiveCfg = Release|Any CPU
		{8926D9FC-F2B2-48C5-A772-5E3D1665B0A8}.Release|Any CPU.Build.0 = Release|Any CPU
		{20887339-0C76-49AF-A851-38DD72B64FC2}.Debug|Any CPU.ActiveCfg = Debug|Any CPU
		{20887339-0C76-49AF-A851-38DD72B64FC2}.Debug|Any CPU.Build.0 = Debug|Any CPU
		{20887339-0C76-49AF-A851-38DD72B64FC2}.Release|Any CPU.ActiveCfg = Release|Any CPU
		{20887339-0C76-49AF-A851-38DD72B64FC2}.Release|Any CPU.Build.0 = Release|Any CPU
		{FB699CE9-A8BF-43E6-9FA5-F690B51269AA}.Debug|Any CPU.ActiveCfg = Debug|Any CPU
		{FB699CE9-A8BF-43E6-9FA5-F690B51269AA}.Debug|Any CPU.Build.0 = Debug|Any CPU
		{FB699CE9-A8BF-43E6-9FA5-F690B51269AA}.Release|Any CPU.ActiveCfg = Release|Any CPU
		{FB699CE9-A8BF-43E6-9FA5-F690B51269AA}.Release|Any CPU.Build.0 = Release|Any CPU
		{7895D22C-D725-4C41-8B73-83ED738D4857}.Debug|Any CPU.ActiveCfg = Debug|Any CPU
		{7895D22C-D725-4C41-8B73-83ED738D4857}.Debug|Any CPU.Build.0 = Debug|Any CPU
		{7895D22C-D725-4C41-8B73-83ED738D4857}.Release|Any CPU.ActiveCfg = Release|Any CPU
		{7895D22C-D725-4C41-8B73-83ED738D4857}.Release|Any CPU.Build.0 = Release|Any CPU
		{2768EF06-0DB0-40D6-B5FE-172DDAA39C20}.Debug|Any CPU.ActiveCfg = Debug|Any CPU
		{2768EF06-0DB0-40D6-B5FE-172DDAA39C20}.Debug|Any CPU.Build.0 = Debug|Any CPU
		{2768EF06-0DB0-40D6-B5FE-172DDAA39C20}.Release|Any CPU.ActiveCfg = Release|Any CPU
		{2768EF06-0DB0-40D6-B5FE-172DDAA39C20}.Release|Any CPU.Build.0 = Release|Any CPU
	EndGlobalSection
	GlobalSection(SolutionProperties) = preSolution
		HideSolutionNode = FALSE
	EndGlobalSection
	GlobalSection(NestedProjects) = preSolution
		{E934CD44-9CC5-4F59-963C-FCA07898FA2C} = {AD5A623C-D1AF-473F-81B8-C00B846B60B8}
		{09846FF1-261A-4AB9-9261-45773AD27E5F} = {AD5A623C-D1AF-473F-81B8-C00B846B60B8}
		{8926D9FC-F2B2-48C5-A772-5E3D1665B0A8} = {AD5A623C-D1AF-473F-81B8-C00B846B60B8}
		{20887339-0C76-49AF-A851-38DD72B64FC2} = {AD5A623C-D1AF-473F-81B8-C00B846B60B8}
		{FB699CE9-A8BF-43E6-9FA5-F690B51269AA} = {3B1A5617-69F3-44D0-929C-718C1C8C2E6D}
		{7895D22C-D725-4C41-8B73-83ED738D4857} = {AD5A623C-D1AF-473F-81B8-C00B846B60B8}
		{2768EF06-0DB0-40D6-B5FE-172DDAA39C20} = {AD5A623C-D1AF-473F-81B8-C00B846B60B8}
	EndGlobalSection
	GlobalSection(ExtensibilityGlobals) = postSolution
		SolutionGuid = {C48DCEC7-3044-46A9-9953-D85C34C2715A}
	EndGlobalSection
EndGlobal
